PODS:
  - FBSnapshotTestCase (2.1.4):
    - FBSnapshotTestCase/SwiftSupport (= 2.1.4)
  - FBSnapshotTestCase/Core (2.1.4)
  - FBSnapshotTestCase/SwiftSupport (2.1.4):
    - FBSnapshotTestCase/Core
  - WLFLabel (0.1.0)

DEPENDENCIES:
  - FBSnapshotTestCase
  - WLFLabel (from `../`)

EXTERNAL SOURCES:
  WLFLabel:
    :path: "../"

SPEC CHECKSUMS:
  FBSnapshotTestCase: '094f9f314decbabe373b87cc339bea235a63e07a'
  WLFLabel: 99ed7d6baa9899ba59778db47ebc3aa566042b2d

PODFILE CHECKSUM: 7fccdeef2873f5cd4ff7fbc0aa07209954456c80

COCOAPODS: 1.2.0
